{
  "originHash" : "4ce344976d422dac538bcfee1d641f8dcd22e239d9b7d7437c525634211b0ea0",
  "pins" : [
    {
      "identity" : "fp-swift",
      "kind" : "remoteSourceControl",
      "location" : "https://github.com/velocityzen/fp-swift",
      "state" : {
        "revision" : "182906eeb24c5e6ec45d89647a15c4f019cef9c9",
        "version" : "2.4.0"
      }
    }
  ],
  "version" : 3
}
