{
  "originHash" : "121243645063cf9c344f8a6706232af3b790e73e9582be7d5c07d58780f14cd7",
  "pins" : [
    {
      "identity" : "fp-swift",
      "kind" : "remoteSourceControl",
      "location" : "https://github.com/velocityzen/fp-swift",
      "state" : {
        "revision" : "0168ae35bbac77faf0dc38bb87834a1102e02275",
        "version" : "3.0.1"
      }
    }
  ],
  "version" : 3
}
